
Microsoft Visual Studio Solution File, Format Version 12.00
# Visual Studio Version 17
VisualStudioVersion = 17.4.33110.190
MinimumVisualStudioVersion = 10.0.40219.1
Project("{9A19103F-16F7-4668-BE54-9A1E7A4F7556}") = "SpotLite.Domain", "SpotLite.Domain\SpotLite.Domain.csproj", "{8E6E1A93-A0CF-4A46-BA32-DA66D4910E2B}"
EndProject
Project("{9A19103F-16F7-4668-BE54-9A1E7A4F7556}") = "SpotLite.Test", "SpotLite.Test\SpotLite.Test.csproj", "{4F963303-8AD2-43BE-A673-DABBA5A501B0}"
EndProject
Project("{9A19103F-16F7-4668-BE54-9A1E7A4F7556}") = "SpotLite.Repository", "SpotLite.Repository\SpotLite.Repository.csproj", "{8173385F-9ABB-4DCF-BBD5-80DF3EDB53EB}"
EndProject
Project("{9A19103F-16F7-4668-BE54-9A1E7A4F7556}") = "SpotLite.Api", "SpotLite.Api\SpotLite.Api.csproj", "{49ECC345-A95F-4261-A2A2-7DD58D410C48}"
EndProject
Project("{FAE04EC0-301F-11D3-BF4B-00C04F79EFBC}") = "SpotLite.Application", "SpotLite.Application\SpotLite.Application.csproj", "{845ADDCF-4BA0-4E68-B377-706A3BBCD22D}"
EndProject
Global
	GlobalSection(SolutionConfigurationPlatforms) = preSolution
		Debug|Any CPU = Debug|Any CPU
		Release|Any CPU = Release|Any CPU
	EndGlobalSection
	GlobalSection(ProjectConfigurationPlatforms) = postSolution
		{8E6E1A93-A0CF-4A46-BA32-DA66D4910E2B}.Debug|Any CPU.ActiveCfg = Debug|Any CPU
		{8E6E1A93-A0CF-4A46-BA32-DA66D4910E2B}.Debug|Any CPU.Build.0 = Debug|Any CPU
		{8E6E1A93-A0CF-4A46-BA32-DA66D4910E2B}.Release|Any CPU.ActiveCfg = Release|Any CPU
		{8E6E1A93-A0CF-4A46-BA32-DA66D4910E2B}.Release|Any CPU.Build.0 = Release|Any CPU
		{4F963303-8AD2-43BE-A673-DABBA5A501B0}.Debug|Any CPU.ActiveCfg = Debug|Any CPU
		{4F963303-8AD2-43BE-A673-DABBA5A501B0}.Debug|Any CPU.Build.0 = Debug|Any CPU
		{4F963303-8AD2-43BE-A673-DABBA5A501B0}.Release|Any CPU.ActiveCfg = Release|Any CPU
		{4F963303-8AD2-43BE-A673-DABBA5A501B0}.Release|Any CPU.Build.0 = Release|Any CPU
		{8173385F-9ABB-4DCF-BBD5-80DF3EDB53EB}.Debug|Any CPU.ActiveCfg = Debug|Any CPU
		{8173385F-9ABB-4DCF-BBD5-80DF3EDB53EB}.Debug|Any CPU.Build.0 = Debug|Any CPU
		{8173385F-9ABB-4DCF-BBD5-80DF3EDB53EB}.Release|Any CPU.ActiveCfg = Release|Any CPU
		{8173385F-9ABB-4DCF-BBD5-80DF3EDB53EB}.Release|Any CPU.Build.0 = Release|Any CPU
		{49ECC345-A95F-4261-A2A2-7DD58D410C48}.Debug|Any CPU.ActiveCfg = Debug|Any CPU
		{49ECC345-A95F-4261-A2A2-7DD58D410C48}.Debug|Any CPU.Build.0 = Debug|Any CPU
		{49ECC345-A95F-4261-A2A2-7DD58D410C48}.Release|Any CPU.ActiveCfg = Release|Any CPU
		{49ECC345-A95F-4261-A2A2-7DD58D410C48}.Release|Any CPU.Build.0 = Release|Any CPU
		{845ADDCF-4BA0-4E68-B377-706A3BBCD22D}.Debug|Any CPU.ActiveCfg = Debug|Any CPU
		{845ADDCF-4BA0-4E68-B377-706A3BBCD22D}.Debug|Any CPU.Build.0 = Debug|Any CPU
		{845ADDCF-4BA0-4E68-B377-706A3BBCD22D}.Release|Any CPU.ActiveCfg = Release|Any CPU
		{845ADDCF-4BA0-4E68-B377-706A3BBCD22D}.Release|Any CPU.Build.0 = Release|Any CPU
	EndGlobalSection
	GlobalSection(SolutionProperties) = preSolution
		HideSolutionNode = FALSE
	EndGlobalSection
	GlobalSection(ExtensibilityGlobals) = postSolution
		SolutionGuid = {2D3459C6-A3D0-4D0A-BA20-77DF1D86E4F0}
	EndGlobalSection
EndGlobal
